// !$*UTF8*$!
{
	archiveVersion = 1;
	classes = {
	};
	objectVersion = 51;
	objects = {

/* Begin PBXBuildFile section */
		3DB3E198FAF555022477D36A /* Pods_flix.framework in Frameworks */ = {isa = PBXBuildFile; fileRef = 408B0C166E0A50581D31272D /* Pods_flix.framework */; };
		B006054925E079AE00C2FE45 /* MovieDetailsViewController.swift in Sources */ = {isa = PBXBuildFile; fileRef = B006054825E079AE00C2FE45 /* MovieDetailsViewController.swift */; };
		B006054E25E090D700C2FE45 /* MovieGridViewController.swift in Sources */ = {isa = PBXBuildFile; fileRef = B006054D25E090D700C2FE45 /* MovieGridViewController.swift */; };
		B006055325E0961900C2FE45 /* MovieGridCell.swift in Sources */ = {isa = PBXBuildFile; fileRef = B006055225E0961900C2FE45 /* MovieGridCell.swift */; };
		B04C19AA25D1F9D300979149 /* AppDelegate.swift in Sources */ = {isa = PBXBuildFile; fileRef = B04C19A925D1F9D300979149 /* AppDelegate.swift */; };
		B04C19AC25D1F9D300979149 /* SceneDelegate.swift in Sources */ = {isa = PBXBuildFile; fileRef = B04C19AB25D1F9D300979149 /* SceneDelegate.swift */; };
		B04C19AE25D1F9D300979149 /* ViewController.swift in Sources */ = {isa = PBXBuildFile; fileRef = B04C19AD25D1F9D300979149 /* ViewController.swift */; };
		B04C19B125D1F9D300979149 /* Main.storyboard in Resources */ = {isa = PBXBuildFile; fileRef = B04C19AF25D1F9D300979149 /* Main.storyboard */; };
		B04C19B325D1F9D700979149 /* Assets.xcassets in Resources */ = {isa = PBXBuildFile; fileRef = B04C19B225D1F9D700979149 /* Assets.xcassets */; };
		B04C19B625D1F9D700979149 /* LaunchScreen.storyboard in Resources */ = {isa = PBXBuildFile; fileRef = B04C19B425D1F9D700979149 /* LaunchScreen.storyboard */; };
		B04C19C125D1F9D800979149 /* flixTests.swift in Sources */ = {isa = PBXBuildFile; fileRef = B04C19C025D1F9D800979149 /* flixTests.swift */; };
		B04C19CC25D1F9D800979149 /* flixUITests.swift in Sources */ = {isa = PBXBuildFile; fileRef = B04C19CB25D1F9D800979149 /* flixUITests.swift */; };
		B04C19DD25D2114800979149 /* MovieCell.swift in Sources */ = {isa = PBXBuildFile; fileRef = B04C19DC25D2114800979149 /* MovieCell.swift */; };
		F17D0C99A1CEECF9E161670D /* Pods_flixTests.framework in Frameworks */ = {isa = PBXBuildFile; fileRef = 9068C1D63F6DD39ED6AA9780 /* Pods_flixTests.framework */; };
		F1846AF3AB6D519F630A3A87 /* Pods_flix_flixUITests.framework in Frameworks */ = {isa = PBXBuildFile; fileRef = 38106E5A5A8BE45A3FF93560 /* Pods_flix_flixUITests.framework */; };
/* End PBXBuildFile section */

/* Begin PBXContainerItemProxy section */
		B04C19BD25D1F9D800979149 /* PBXContainerItemProxy */ = {
			isa = PBXContainerItemProxy;
			containerPortal = B04C199E25D1F9D300979149 /* Project object */;
			proxyType = 1;
			remoteGlobalIDString = B04C19A525D1F9D300979149;
			remoteInfo = flix;
		};
		B04C19C825D1F9D800979149 /* PBXContainerItemProxy */ = {
			isa = PBXContainerItemProxy;
			containerPortal = B04C199E25D1F9D300979149 /* Project object */;
			proxyType = 1;
			remoteGlobalIDString = B04C19A525D1F9D300979149;
			remoteInfo = flix;
		};
/* End PBXContainerItemProxy section */

/* Begin PBXFileReference section */
		0E5F3B0A3CB67EF0F590F8C1 /* Pods-flix-flixUITests.release.xcconfig */ = {isa = PBXFileReference; includeInIndex = 1; lastKnownFileType = text.xcconfig; name = "Pods-flix-flixUITests.release.xcconfig"; path = "Target Support Files/Pods-flix-flixUITests/Pods-flix-flixUITests.release.xcconfig"; sourceTree = "<group>"; };
		2AD7DBC2291B814A4A6AA052 /* Pods-flix.debug.xcconfig */ = {isa = PBXFileReference; includeInIndex = 1; lastKnownFileType = text.xcconfig; name = "Pods-flix.debug.xcconfig"; path = "Target Support Files/Pods-flix/Pods-flix.debug.xcconfig"; sourceTree = "<group>"; };
		38106E5A5A8BE45A3FF93560 /* Pods_flix_flixUITests.framework */ = {isa = PBXFileReference; explicitFileType = wrapper.framework; includeInIndex = 0; path = Pods_flix_flixUITests.framework; sourceTree = BUILT_PRODUCTS_DIR; };
		3ABB29900A3CC791135001C3 /* Pods-flixTests.debug.xcconfig */ = {isa = PBXFileReference; includeInIndex = 1; lastKnownFileType = text.xcconfig; name = "Pods-flixTests.debug.xcconfig"; path = "Target Support Files/Pods-flixTests/Pods-flixTests.debug.xcconfig"; sourceTree = "<group>"; };
		408B0C166E0A50581D31272D /* Pods_flix.framework */ = {isa = PBXFileReference; explicitFileType = wrapper.framework; includeInIndex = 0; path = Pods_flix.framework; sourceTree = BUILT_PRODUCTS_DIR; };
		50C3D97EFA44B8EF71B58B5C /* Pods-flix.release.xcconfig */ = {isa = PBXFileReference; includeInIndex = 1; lastKnownFileType = text.xcconfig; name = "Pods-flix.release.xcconfig"; path = "Target Support Files/Pods-flix/Pods-flix.release.xcconfig"; sourceTree = "<group>"; };
		69BFECF5668924C7F223D0B0 /* Pods-flixTests.release.xcconfig */ = {isa = PBXFileReference; includeInIndex = 1; lastKnownFileType = text.xcconfig; name = "Pods-flixTests.release.xcconfig"; path = "Target Support Files/Pods-flixTests/Pods-flixTests.release.xcconfig"; sourceTree = "<group>"; };
		9068C1D63F6DD39ED6AA9780 /* Pods_flixTests.framework */ = {isa = PBXFileReference; explicitFileType = wrapper.framework; includeInIndex = 0; path = Pods_flixTests.framework; sourceTree = BUILT_PRODUCTS_DIR; };
		9A4DB4A64606F5C8E6515DC4 /* Pods-flix-flixUITests.debug.xcconfig */ = {isa = PBXFileReference; includeInIndex = 1; lastKnownFileType = text.xcconfig; name = "Pods-flix-flixUITests.debug.xcconfig"; path = "Target Support Files/Pods-flix-flixUITests/Pods-flix-flixUITests.debug.xcconfig"; sourceTree = "<group>"; };
		B006054825E079AE00C2FE45 /* MovieDetailsViewController.swift */ = {isa = PBXFileReference; lastKnownFileType = sourcecode.swift; path = MovieDetailsViewController.swift; sourceTree = "<group>"; };
		B006054D25E090D700C2FE45 /* MovieGridViewController.swift */ = {isa = PBXFileReference; lastKnownFileType = sourcecode.swift; path = MovieGridViewController.swift; sourceTree = "<group>"; };
		B006055225E0961900C2FE45 /* MovieGridCell.swift */ = {isa = PBXFileReference; lastKnownFileType = sourcecode.swift; path = MovieGridCell.swift; sourceTree = "<group>"; };
		B04C19A625D1F9D300979149 /* flix.app */ = {isa = PBXFileReference; explicitFileType = wrapper.application; includeInIndex = 0; path = flix.app; sourceTree = BUILT_PRODUCTS_DIR; };
		B04C19A925D1F9D300979149 /* AppDelegate.swift */ = {isa = PBXFileReference; lastKnownFileType = sourcecode.swift; path = AppDelegate.swift; sourceTree = "<group>"; };
		B04C19AB25D1F9D300979149 /* SceneDelegate.swift */ = {isa = PBXFileReference; lastKnownFileType = sourcecode.swift; path = SceneDelegate.swift; sourceTree = "<group>"; };
		B04C19AD25D1F9D300979149 /* ViewController.swift */ = {isa = PBXFileReference; lastKnownFileType = sourcecode.swift; path = ViewController.swift; sourceTree = "<group>"; };
		B04C19B025D1F9D300979149 /* Base */ = {isa = PBXFileReference; lastKnownFileType = file.storyboard; name = Base; path = Base.lproj/Main.storyboard; sourceTree = "<group>"; };
		B04C19B225D1F9D700979149 /* Assets.xcassets */ = {isa = PBXFileReference; lastKnownFileType = folder.assetcatalog; path = Assets.xcassets; sourceTree = "<group>"; };
		B04C19B525D1F9D700979149 /* Base */ = {isa = PBXFileReference; lastKnownFileType = file.storyboard; name = Base; path = Base.lproj/LaunchScreen.storyboard; sourceTree = "<group>"; };
		B04C19B725D1F9D700979149 /* Info.plist */ = {isa = PBXFileReference; lastKnownFileType = text.plist.xml; path = Info.plist; sourceTree = "<group>"; };
		B04C19BC25D1F9D800979149 /* flixTests.xctest */ = {isa = PBXFileReference; explicitFileType = wrapper.cfbundle; includeInIndex = 0; path = flixTests.xctest; sourceTree = BUILT_PRODUCTS_DIR; };
		B04C19C025D1F9D800979149 /* flixTests.swift */ = {isa = PBXFileReference; lastKnownFileType = sourcecode.swift; path = flixTests.swift; sourceTree = "<group>"; };
		B04C19C225D1F9D800979149 /* Info.plist */ = {isa = PBXFileReference; lastKnownFileType = text.plist.xml; path = Info.plist; sourceTree = "<group>"; };
		B04C19C725D1F9D800979149 /* flixUITests.xctest */ = {isa = PBXFileReference; explicitFileType = wrapper.cfbundle; includeInIndex = 0; path = flixUITests.xctest; sourceTree = BUILT_PRODUCTS_DIR; };
		B04C19CB25D1F9D800979149 /* flixUITests.swift */ = {isa = PBXFileReference; lastKnownFileType = sourcecode.swift; path = flixUITests.swift; sourceTree = "<group>"; };
		B04C19CD25D1F9D800979149 /* Info.plist */ = {isa = PBXFileReference; lastKnownFileType = text.plist.xml; path = Info.plist; sourceTree = "<group>"; };
		B04C19DC25D2114800979149 /* MovieCell.swift */ = {isa = PBXFileReference; lastKnownFileType = sourcecode.swift; path = MovieCell.swift; sourceTree = "<group>"; };
/* End PBXFileReference section */

/* Begin PBXFrameworksBuildPhase section */
		B04C19A325D1F9D300979149 /* Frameworks */ = {
			isa = PBXFrameworksBuildPhase;
			buildActionMask = 2147483647;
			files = (
				3DB3E198FAF555022477D36A /* Pods_flix.framework in Frameworks */,
			);
			runOnlyForDeploymentPostprocessing = 0;
		};
		B04C19B925D1F9D800979149 /* Frameworks */ = {
			isa = PBXFrameworksBuildPhase;
			buildActionMask = 2147483647;
			files = (
				F17D0C99A1CEECF9E161670D /* Pods_flixTests.framework in Frameworks */,
			);
			runOnlyForDeploymentPostprocessing = 0;
		};
		B04C19C425D1F9D800979149 /* Frameworks */ = {
			isa = PBXFrameworksBuildPhase;
			buildActionMask = 2147483647;
			files = (
				F1846AF3AB6D519F630A3A87 /* Pods_flix_flixUITests.framework in Frameworks */,
			);
			runOnlyForDeploymentPostprocessing = 0;
		};
/* End PBXFrameworksBuildPhase section */

/* Begin PBXGroup section */
		72DF022E477DFE565BAB72A5 /* Frameworks */ = {
			isa = PBXGroup;
			children = (
				408B0C166E0A50581D31272D /* Pods_flix.framework */,
				38106E5A5A8BE45A3FF93560 /* Pods_flix_flixUITests.framework */,
				9068C1D63F6DD39ED6AA9780 /* Pods_flixTests.framework */,
			);
			name = Frameworks;
			sourceTree = "<group>";
		};
		B04C199D25D1F9D300979149 = {
			isa = PBXGroup;
			children = (
				B04C19A825D1F9D300979149 /* flix */,
				B04C19BF25D1F9D800979149 /* flixTests */,
				B04C19CA25D1F9D800979149 /* flixUITests */,
				B04C19A725D1F9D300979149 /* Products */,
				E8B3E550EC51C6AF45127B83 /* Pods */,
				72DF022E477DFE565BAB72A5 /* Frameworks */,
			);
			sourceTree = "<group>";
		};
		B04C19A725D1F9D300979149 /* Products */ = {
			isa = PBXGroup;
			children = (
				B04C19A625D1F9D300979149 /* flix.app */,
				B04C19BC25D1F9D800979149 /* flixTests.xctest */,
				B04C19C725D1F9D800979149 /* flixUITests.xctest */,
			);
			name = Products;
			sourceTree = "<group>";
		};
		B04C19A825D1F9D300979149 /* flix */ = {
			isa = PBXGroup;
			children = (
				B04C19A925D1F9D300979149 /* AppDelegate.swift */,
				B006055225E0961900C2FE45 /* MovieGridCell.swift */,
				B04C19AB25D1F9D300979149 /* SceneDelegate.swift */,
				B04C19AD25D1F9D300979149 /* ViewController.swift */,
				B04C19AF25D1F9D300979149 /* Main.storyboard */,
				B04C19DC25D2114800979149 /* MovieCell.swift */,
				B04C19B225D1F9D700979149 /* Assets.xcassets */,
				B04C19B425D1F9D700979149 /* LaunchScreen.storyboard */,
				B04C19B725D1F9D700979149 /* Info.plist */,
				B006054825E079AE00C2FE45 /* MovieDetailsViewController.swift */,
				B006054D25E090D700C2FE45 /* MovieGridViewController.swift */,
			);
			path = flix;
			sourceTree = "<group>";
		};
		B04C19BF25D1F9D800979149 /* flixTests */ = {
			isa = PBXGroup;
			children = (
				B04C19C025D1F9D800979149 /* flixTests.swift */,
				B04C19C225D1F9D800979149 /* Info.plist */,
			);
			path = flixTests;
			sourceTree = "<group>";
		};
		B04C19CA25D1F9D800979149 /* flixUITests */ = {
			isa = PBXGroup;
			children = (
				B04C19CB25D1F9D800979149 /* flixUITests.swift */,
				B04C19CD25D1F9D800979149 /* Info.plist */,
			);
			path = flixUITests;
			sourceTree = "<group>";
		};
		E8B3E550EC51C6AF45127B83 /* Pods */ = {
			isa = PBXGroup;
			children = (
				2AD7DBC2291B814A4A6AA052 /* Pods-flix.debug.xcconfig */,
				50C3D97EFA44B8EF71B58B5C /* Pods-flix.release.xcconfig */,
				9A4DB4A64606F5C8E6515DC4 /* Pods-flix-flixUITests.debug.xcconfig */,
				0E5F3B0A3CB67EF0F590F8C1 /* Pods-flix-flixUITests.release.xcconfig */,
				3ABB29900A3CC791135001C3 /* Pods-flixTests.debug.xcconfig */,
				69BFECF5668924C7F223D0B0 /* Pods-flixTests.release.xcconfig */,
			);
			path = Pods;
			sourceTree = "<group>";
		};
/* End PBXGroup section */

/* Begin PBXNativeTarget section */
		B04C19A525D1F9D300979149 /* flix */ = {
			isa = PBXNativeTarget;
			buildConfigurationList = B04C19D025D1F9D800979149 /* Build configuration list for PBXNativeTarget "flix" */;
			buildPhases = (
				E7CC00C268E0F1B09DD7A5A2 /* [CP] Check Pods Manifest.lock */,
				B04C19A225D1F9D300979149 /* Sources */,
				B04C19A325D1F9D300979149 /* Frameworks */,
				B04C19A425D1F9D300979149 /* Resources */,
				D31E4421191E33E51FEEB943 /* [CP] Embed Pods Frameworks */,
			);
			buildRules = (
			);
			dependencies = (
			);
			name = flix;
			productName = flix;
			productReference = B04C19A625D1F9D300979149 /* flix.app */;
			productType = "com.apple.product-type.application";
		};
		B04C19BB25D1F9D800979149 /* flixTests */ = {
			isa = PBXNativeTarget;
			buildConfigurationList = B04C19D325D1F9D800979149 /* Build configuration list for PBXNativeTarget "flixTests" */;
			buildPhases = (
				B80C9DE47EDC6F3E1AEEFC18 /* [CP] Check Pods Manifest.lock */,
				B04C19B825D1F9D800979149 /* Sources */,
				B04C19B925D1F9D800979149 /* Frameworks */,
				B04C19BA25D1F9D800979149 /* Resources */,
			);
			buildRules = (
			);
			dependencies = (
				B04C19BE25D1F9D800979149 /* PBXTargetDependency */,
			);
			name = flixTests;
			productName = flixTests;
			productReference = B04C19BC25D1F9D800979149 /* flixTests.xctest */;
			productType = "com.apple.product-type.bundle.unit-test";
		};
		B04C19C625D1F9D800979149 /* flixUITests */ = {
			isa = PBXNativeTarget;
			buildConfigurationList = B04C19D625D1F9D800979149 /* Build configuration list for PBXNativeTarget "flixUITests" */;
			buildPhases = (
				0F968D48F09120F5E2D2086C /* [CP] Check Pods Manifest.lock */,
				B04C19C325D1F9D800979149 /* Sources */,
				B04C19C425D1F9D800979149 /* Frameworks */,
				B04C19C525D1F9D800979149 /* Resources */,
				7A35D42C6FEC501A02FCD7AC /* [CP] Embed Pods Frameworks */,
			);
			buildRules = (
			);
			dependencies = (
				B04C19C925D1F9D800979149 /* PBXTargetDependency */,
			);
			name = flixUITests;
			productName = flixUITests;
			productReference = B04C19C725D1F9D800979149 /* flixUITests.xctest */;
			productType = "com.apple.product-type.bundle.ui-testing";
		};
/* End PBXNativeTarget section */

/* Begin PBXProject section */
		B04C199E25D1F9D300979149 /* Project object */ = {
			isa = PBXProject;
			attributes = {
				LastSwiftUpdateCheck = 1220;
				LastUpgradeCheck = 1220;
				TargetAttributes = {
					B04C19A525D1F9D300979149 = {
						CreatedOnToolsVersion = 12.2;
					};
					B04C19BB25D1F9D800979149 = {
						CreatedOnToolsVersion = 12.2;
						TestTargetID = B04C19A525D1F9D300979149;
					};
					B04C19C625D1F9D800979149 = {
						CreatedOnToolsVersion = 12.2;
						TestTargetID = B04C19A525D1F9D300979149;
					};
				};
			};
			buildConfigurationList = B04C19A125D1F9D300979149 /* Build configuration list for PBXProject "flix" */;
			compatibilityVersion = "Xcode 9.3";
			developmentRegion = en;
			hasScannedForEncodings = 0;
			knownRegions = (
				en,
				Base,
			);
			mainGroup = B04C199D25D1F9D300979149;
			productRefGroup = B04C19A725D1F9D300979149 /* Products */;
			projectDirPath = "";
			projectRoot = "";
			targets = (
				B04C19A525D1F9D300979149 /* flix */,
				B04C19BB25D1F9D800979149 /* flixTests */,
				B04C19C625D1F9D800979149 /* flixUITests */,
			);
		};
/* End PBXProject section */

/* Begin PBXResourcesBuildPhase section */
		B04C19A425D1F9D300979149 /* Resources */ = {
			isa = PBXResourcesBuildPhase;
			buildActionMask = 2147483647;
			files = (
				B04C19B625D1F9D700979149 /* LaunchScreen.storyboard in Resources */,
				B04C19B325D1F9D700979149 /* Assets.xcassets in Resources */,
				B04C19B125D1F9D300979149 /* Main.storyboard in Resources */,
			);
			runOnlyForDeploymentPostprocessing = 0;
		};
		B04C19BA25D1F9D800979149 /* Resources */ = {
			isa = PBXResourcesBuildPhase;
			buildActionMask = 2147483647;
			files = (
			);
			runOnlyForDeploymentPostprocessing = 0;
		};
		B04C19C525D1F9D800979149 /* Resources */ = {
			isa = PBXResourcesBuildPhase;
			buildActionMask = 2147483647;
			files = (
			);
			runOnlyForDeploymentPostprocessing = 0;
		};
/* End PBXResourcesBuildPhase section */

/* Begin PBXShellScriptBuildPhase section */
		0F968D48F09120F5E2D2086C /* [CP] Check Pods Manifest.lock */ = {
			isa = PBXShellScriptBuildPhase;
			buildActionMask = 2147483647;
			files = (
			);
			inputFileListPaths = (
			);
			inputPaths = (
				"${PODS_PODFILE_DIR_PATH}/Podfile.lock",
				"${PODS_ROOT}/Manifest.lock",
			);
			name = "[CP] Check Pods Manifest.lock";
			outputFileListPaths = (
			);
			outputPaths = (
				"$(DERIVED_FILE_DIR)/Pods-flix-flixUITests-checkManifestLockResult.txt",
			);
			runOnlyForDeploymentPostprocessing = 0;
			shellPath = /bin/sh;
			shellScript = "diff \"${PODS_PODFILE_DIR_PATH}/Podfile.lock\" \"${PODS_ROOT}/Manifest.lock\" > /dev/null\nif [ $? != 0 ] ; then\n    # print error to STDERR\n    echo \"error: The sandbox is not in sync with the Podfile.lock. Run 'pod install' or update your CocoaPods installation.\" >&2\n    exit 1\nfi\n# This output is used by Xcode 'outputs' to avoid re-running this script phase.\necho \"SUCCESS\" > \"${SCRIPT_OUTPUT_FILE_0}\"\n";
			showEnvVarsInLog = 0;
		};
		7A35D42C6FEC501A02FCD7AC /* [CP] Embed Pods Frameworks */ = {
			isa = PBXShellScriptBuildPhase;
			buildActionMask = 2147483647;
			files = (
			);
			inputFileListPaths = (
				"${PODS_ROOT}/Target Support Files/Pods-flix-flixUITests/Pods-flix-flixUITests-frameworks-${CONFIGURATION}-input-files.xcfilelist",
			);
			name = "[CP] Embed Pods Frameworks";
			outputFileListPaths = (
				"${PODS_ROOT}/Target Support Files/Pods-flix-flixUITests/Pods-flix-flixUITests-frameworks-${CONFIGURATION}-output-files.xcfilelist",
			);
			runOnlyForDeploymentPostprocessing = 0;
			shellPath = /bin/sh;
			shellScript = "\"${PODS_ROOT}/Target Support Files/Pods-flix-flixUITests/Pods-flix-flixUITests-frameworks.sh\"\n";
			showEnvVarsInLog = 0;
		};
		B80C9DE47EDC6F3E1AEEFC18 /* [CP] Check Pods Manifest.lock */ = {
			isa = PBXShellScriptBuildPhase;
			buildActionMask = 2147483647;
			files = (
			);
			inputFileListPaths = (
			);
			inputPaths = (
				"${PODS_PODFILE_DIR_PATH}/Podfile.lock",
				"${PODS_ROOT}/Manifest.lock",
			);
			name = "[CP] Check Pods Manifest.lock";
			outputFileListPaths = (
			);
			outputPaths = (
				"$(DERIVED_FILE_DIR)/Pods-flixTests-checkManifestLockResult.txt",
			);
			runOnlyForDeploymentPostprocessing = 0;
			shellPath = /bin/sh;
			shellScript = "diff \"${PODS_PODFILE_DIR_PATH}/Podfile.lock\" \"${PODS_ROOT}/Manifest.lock\" > /dev/null\nif [ $? != 0 ] ; then\n    # print error to STDERR\n    echo \"error: The sandbox is not in sync with the Podfile.lock. Run 'pod install' or update your CocoaPods installation.\" >&2\n    exit 1\nfi\n# This output is used by Xcode 'outputs' to avoid re-running this script phase.\necho \"SUCCESS\" > \"${SCRIPT_OUTPUT_FILE_0}\"\n";
			showEnvVarsInLog = 0;
		};
		D31E4421191E33E51FEEB943 /* [CP] Embed Pods Frameworks */ = {
			isa = PBXShellScriptBuildPhase;
			buildActionMask = 2147483647;
			files = (
			);
			inputFileListPaths = (
				"${PODS_ROOT}/Target Support Files/Pods-flix/Pods-flix-frameworks-${CONFIGURATION}-input-files.xcfilelist",
			);
			name = "[CP] Embed Pods Frameworks";
			outputFileListPaths = (
				"${PODS_ROOT}/Target Support Files/Pods-flix/Pods-flix-frameworks-${CONFIGURATION}-output-files.xcfilelist",
			);
			runOnlyForDeploymentPostprocessing = 0;
			shellPath = /bin/sh;
			shellScript = "\"${PODS_ROOT}/Target Support Files/Pods-flix/Pods-flix-frameworks.sh\"\n";
			showEnvVarsInLog = 0;
		};
		E7CC00C268E0F1B09DD7A5A2 /* [CP] Check Pods Manifest.lock */ = {
			isa = PBXShellScriptBuildPhase;
			buildActionMask = 2147483647;
			files = (
			);
			inputFileListPaths = (
			);
			inputPaths = (
				"${PODS_PODFILE_DIR_PATH}/Podfile.lock",
				"${PODS_ROOT}/Manifest.lock",
			);
			name = "[CP] Check Pods Manifest.lock";
			outputFileListPaths = (
			);
			outputPaths = (
				"$(DERIVED_FILE_DIR)/Pods-flix-checkManifestLockResult.txt",
			);
			runOnlyForDeploymentPostprocessing = 0;
			shellPath = /bin/sh;
			shellScript = "diff \"${PODS_PODFILE_DIR_PATH}/Podfile.lock\" \"${PODS_ROOT}/Manifest.lock\" > /dev/null\nif [ $? != 0 ] ; then\n    # print error to STDERR\n    echo \"error: The sandbox is not in sync with the Podfile.lock. Run 'pod install' or update your CocoaPods installation.\" >&2\n    exit 1\nfi\n# This output is used by Xcode 'outputs' to avoid re-running this script phase.\necho \"SUCCESS\" > \"${SCRIPT_OUTPUT_FILE_0}\"\n";
			showEnvVarsInLog = 0;
		};
/* End PBXShellScriptBuildPhase section */

/* Begin PBXSourcesBuildPhase section */
		B04C19A225D1F9D300979149 /* Sources */ = {
			isa = PBXSourcesBuildPhase;
			buildActionMask = 2147483647;
			files = (
				B006054925E079AE00C2FE45 /* MovieDetailsViewController.swift in Sources */,
				B04C19AE25D1F9D300979149 /* ViewController.swift in Sources */,
				B04C19AA25D1F9D300979149 /* AppDelegate.swift in Sources */,
				B04C19DD25D2114800979149 /* MovieCell.swift in Sources */,
				B04C19AC25D1F9D300979149 /* SceneDelegate.swift in Sources */,
				B006054E25E090D700C2FE45 /* MovieGridViewController.swift in Sources */,
				B006055325E0961900C2FE45 /* MovieGridCell.swift in Sources */,
			);
			runOnlyForDeploymentPostprocessing = 0;
		};
		B04C19B825D1F9D800979149 /* Sources */ = {
			isa = PBXSourcesBuildPhase;
			buildActionMask = 2147483647;
			files = (
				B04C19C125D1F9D800979149 /* flixTests.swift in Sources */,
			);
			runOnlyForDeploymentPostprocessing = 0;
		};
		B04C19C325D1F9D800979149 /* Sources */ = {
			isa = PBXSourcesBuildPhase;
			buildActionMask = 2147483647;
			files = (
				B04C19CC25D1F9D800979149 /* flixUITests.swift in Sources */,
			);
			runOnlyForDeploymentPostprocessing = 0;
		};
/* End PBXSourcesBuildPhase section */

/* Begin PBXTargetDependency section */
		B04C19BE25D1F9D800979149 /* PBXTargetDependency */ = {
			isa = PBXTargetDependency;
			target = B04C19A525D1F9D300979149 /* flix */;
			targetProxy = B04C19BD25D1F9D800979149 /* PBXContainerItemProxy */;
		};
		B04C19C925D1F9D800979149 /* PBXTargetDependency */ = {
			isa = PBXTargetDependency;
			target = B04C19A525D1F9D300979149 /* flix */;
			targetProxy = B04C19C825D1F9D800979149 /* PBXContainerItemProxy */;
		};
/* End PBXTargetDependency section */

/* Begin PBXVariantGroup section */
		B04C19AF25D1F9D300979149 /* Main.storyboard */ = {
			isa = PBXVariantGroup;
			children = (
				B04C19B025D1F9D300979149 /* Base */,
			);
			name = Main.storyboard;
			sourceTree = "<group>";
		};
		B04C19B425D1F9D700979149 /* LaunchScreen.storyboard */ = {
			isa = PBXVariantGroup;
			children = (
				B04C19B525D1F9D700979149 /* Base */,
			);
			name = LaunchScreen.storyboard;
			sourceTree = "<group>";
		};
/* End PBXVariantGroup section */

/* Begin XCBuildConfiguration section */
		B04C19CE25D1F9D800979149 /* Debug */ = {
			isa = XCBuildConfiguration;
			buildSettings = {
				ALWAYS_SEARCH_USER_PATHS = NO;
				CLANG_ANALYZER_NONNULL = YES;
				CLANG_ANALYZER_NUMBER_OBJECT_CONVERSION = YES_AGGRESSIVE;
				CLANG_CXX_LANGUAGE_STANDARD = "gnu++14";
				CLANG_CXX_LIBRARY = "libc++";
				CLANG_ENABLE_MODULES = YES;
				CLANG_ENABLE_OBJC_ARC = YES;
				CLANG_ENABLE_OBJC_WEAK = YES;
				CLANG_WARN_BLOCK_CAPTURE_AUTORELEASING = YES;
				CLANG_WARN_BOOL_CONVERSION = YES;
				CLANG_WARN_COMMA = YES;
				CLANG_WARN_CONSTANT_CONVERSION = YES;
				CLANG_WARN_DEPRECATED_OBJC_IMPLEMENTATIONS = YES;
				CLANG_WARN_DIRECT_OBJC_ISA_USAGE = YES_ERROR;
				CLANG_WARN_DOCUMENTATION_COMMENTS = YES;
				CLANG_WARN_EMPTY_BODY = YES;
				CLANG_WARN_ENUM_CONVERSION = YES;
				CLANG_WARN_INFINITE_RECURSION = YES;
				CLANG_WARN_INT_CONVERSION = YES;
				CLANG_WARN_NON_LITERAL_NULL_CONVERSION = YES;
				CLANG_WARN_OBJC_IMPLICIT_RETAIN_SELF = YES;
				CLANG_WARN_OBJC_LITERAL_CONVERSION = YES;
				CLANG_WARN_OBJC_ROOT_CLASS = YES_ERROR;
				CLANG_WARN_QUOTED_INCLUDE_IN_FRAMEWORK_HEADER = YES;
				CLANG_WARN_RANGE_LOOP_ANALYSIS = YES;
				CLANG_WARN_STRICT_PROTOTYPES = YES;
				CLANG_WARN_SUSPICIOUS_MOVE = YES;
				CLANG_WARN_UNGUARDED_AVAILABILITY = YES_AGGRESSIVE;
				CLANG_WARN_UNREACHABLE_CODE = YES;
				CLANG_WARN__DUPLICATE_METHOD_MATCH = YES;
				COPY_PHASE_STRIP = NO;
				DEBUG_INFORMATION_FORMAT = dwarf;
				ENABLE_STRICT_OBJC_MSGSEND = YES;
				ENABLE_TESTABILITY = YES;
				GCC_C_LANGUAGE_STANDARD = gnu11;
				GCC_DYNAMIC_NO_PIC = NO;
				GCC_NO_COMMON_BLOCKS = YES;
				GCC_OPTIMIZATION_LEVEL = 0;
				GCC_PREPROCESSOR_DEFINITIONS = (
					"DEBUG=1",
					"$(inherited)",
				);
				GCC_WARN_64_TO_32_BIT_CONVERSION = YES;
				GCC_WARN_ABOUT_RETURN_TYPE = YES_ERROR;
				GCC_WARN_UNDECLARED_SELECTOR = YES;
				GCC_WARN_UNINITIALIZED_AUTOS = YES_AGGRESSIVE;
				GCC_WARN_UNUSED_FUNCTION = YES;
				GCC_WARN_UNUSED_VARIABLE = YES;
				IPHONEOS_DEPLOYMENT_TARGET = 14.2;
				MTL_ENABLE_DEBUG_INFO = INCLUDE_SOURCE;
				MTL_FAST_MATH = YES;
				ONLY_ACTIVE_ARCH = YES;
				SDKROOT = iphoneos;
				SWIFT_ACTIVE_COMPILATION_CONDITIONS = DEBUG;
				SWIFT_OPTIMIZATION_LEVEL = "-Onone";
			};
			name = Debug;
		};
		B04C19CF25D1F9D800979149 /* Release */ = {
			isa = XCBuildConfiguration;
			buildSettings = {
				ALWAYS_SEARCH_USER_PATHS = NO;
				CLANG_ANALYZER_NONNULL = YES;
				CLANG_ANALYZER_NUMBER_OBJECT_CONVERSION = YES_AGGRESSIVE;
				CLANG_CXX_LANGUAGE_STANDARD = "gnu++14";
				CLANG_CXX_LIBRARY = "libc++";
				CLANG_ENABLE_MODULES = YES;
				CLANG_ENABLE_OBJC_ARC = YES;
				CLANG_ENABLE_OBJC_WEAK = YES;
				CLANG_WARN_BLOCK_CAPTURE_AUTORELEASING = YES;
				CLANG_WARN_BOOL_CONVERSION = YES;
				CLANG_WARN_COMMA = YES;
				CLANG_WARN_CONSTANT_CONVERSION = YES;
				CLANG_WARN_DEPRECATED_OBJC_IMPLEMENTATIONS = YES;
				CLANG_WARN_DIRECT_OBJC_ISA_USAGE = YES_ERROR;
				CLANG_WARN_DOCUMENTATION_COMMENTS = YES;
				CLANG_WARN_EMPTY_BODY = YES;
				CLANG_WARN_ENUM_CONVERSION = YES;
				CLANG_WARN_INFINITE_RECURSION = YES;
				CLANG_WARN_INT_CONVERSION = YES;
				CLANG_WARN_NON_LITERAL_NULL_CONVERSION = YES;
				CLANG_WARN_OBJC_IMPLICIT_RETAIN_SELF = YES;
				CLANG_WARN_OBJC_LITERAL_CONVERSION = YES;
				CLANG_WARN_OBJC_ROOT_CLASS = YES_ERROR;
				CLANG_WARN_QUOTED_INCLUDE_IN_FRAMEWORK_HEADER = YES;
				CLANG_WARN_RANGE_LOOP_ANALYSIS = YES;
				CLANG_WARN_STRICT_PROTOTYPES = YES;
				CLANG_WARN_SUSPICIOUS_MOVE = YES;
				CLANG_WARN_UNGUARDED_AVAILABILITY = YES_AGGRESSIVE;
				CLANG_WARN_UNREACHABLE_CODE = YES;
				CLANG_WARN__DUPLICATE_METHOD_MATCH = YES;
				COPY_PHASE_STRIP = NO;
				DEBUG_INFORMATION_FORMAT = "dwarf-with-dsym";
				ENABLE_NS_ASSERTIONS = NO;
				ENABLE_STRICT_OBJC_MSGSEND = YES;
				GCC_C_LANGUAGE_STANDARD = gnu11;
				GCC_NO_COMMON_BLOCKS = YES;
				GCC_WARN_64_TO_32_BIT_CONVERSION = YES;
				GCC_WARN_ABOUT_RETURN_TYPE = YES_ERROR;
				GCC_WARN_UNDECLARED_SELECTOR = YES;
				GCC_WARN_UNINITIALIZED_AUTOS = YES_AGGRESSIVE;
				GCC_WARN_UNUSED_FUNCTION = YES;
				GCC_WARN_UNUSED_VARIABLE = YES;
				IPHONEOS_DEPLOYMENT_TARGET = 14.2;
				MTL_ENABLE_DEBUG_INFO = NO;
				MTL_FAST_MATH = YES;
				SDKROOT = iphoneos;
				SWIFT_COMPILATION_MODE = wholemodule;
				SWIFT_OPTIMIZATION_LEVEL = "-O";
				VALIDATE_PRODUCT = YES;
			};
			name = Release;
		};
		B04C19D125D1F9D800979149 /* Debug */ = {
			isa = XCBuildConfiguration;
			baseConfigurationReference = 2AD7DBC2291B814A4A6AA052 /* Pods-flix.debug.xcconfig */;
			buildSettings = {
				ASSETCATALOG_COMPILER_APPICON_NAME = AppIcon;
				ASSETCATALOG_COMPILER_GLOBAL_ACCENT_COLOR_NAME = AccentColor;
				CODE_SIGN_STYLE = Automatic;
				DEVELOPMENT_TEAM = PT3N4CM9HS;
				INFOPLIST_FILE = flix/Info.plist;
				LD_RUNPATH_SEARCH_PATHS = (
					"$(inherited)",
					"@executable_path/Frameworks",
				);
				PRODUCT_BUNDLE_IDENTIFIER = tylerrhb11.flix;
				PRODUCT_NAME = "$(TARGET_NAME)";
				SWIFT_VERSION = 5.0;
				TARGETED_DEVICE_FAMILY = "1,2";
			};
			name = Debug;
		};
		B04C19D225D1F9D800979149 /* Release */ = {
			isa = XCBuildConfiguration;
			baseConfigurationReference = 50C3D97EFA44B8EF71B58B5C /* Pods-flix.release.xcconfig */;
			buildSettings = {
				ASSETCATALOG_COMPILER_APPICON_NAME = AppIcon;
				ASSETCATALOG_COMPILER_GLOBAL_ACCENT_COLOR_NAME = AccentColor;
				CODE_SIGN_STYLE = Automatic;
				DEVELOPMENT_TEAM = PT3N4CM9HS;
				INFOPLIST_FILE = flix/Info.plist;
				LD_RUNPATH_SEARCH_PATHS = (
					"$(inherited)",
					"@executable_path/Frameworks",
				);
				PRODUCT_BUNDLE_IDENTIFIER = tylerrhb11.flix;
				PRODUCT_NAME = "$(TARGET_NAME)";
				SWIFT_VERSION = 5.0;
				TARGETED_DEVICE_FAMILY = "1,2";
			};
			name = Release;
		};
		B04C19D425D1F9D800979149 /* Debug */ = {
			isa = XCBuildConfiguration;
			baseConfigurationReference = 3ABB29900A3CC791135001C3 /* Pods-flixTests.debug.xcconfig */;
			buildSettings = {
				ALWAYS_EMBED_SWIFT_STANDARD_LIBRARIES = YES;
				BUNDLE_LOADER = "$(TEST_HOST)";
				CODE_SIGN_STYLE = Automatic;
				DEVELOPMENT_TEAM = PT3N4CM9HS;
				INFOPLIST_FILE = flixTests/Info.plist;
				IPHONEOS_DEPLOYMENT_TARGET = 14.2;
				LD_RUNPATH_SEARCH_PATHS = (
					"$(inherited)",
					"@executable_path/Frameworks",
					"@loader_path/Frameworks",
				);
				PRODUCT_BUNDLE_IDENTIFIER = tylerrhb11.flixTests;
				PRODUCT_NAME = "$(TARGET_NAME)";
				SWIFT_VERSION = 5.0;
				TARGETED_DEVICE_FAMILY = "1,2";
				TEST_HOST = "$(BUILT_PRODUCTS_DIR)/flix.app/flix";
			};
			name = Debug;
		};
		B04C19D525D1F9D800979149 /* Release */ = {
			isa = XCBuildConfiguration;
			baseConfigurationReference = 69BFECF5668924C7F223D0B0 /* Pods-flixTests.release.xcconfig */;
			buildSettings = {
				ALWAYS_EMBED_SWIFT_STANDARD_LIBRARIES = YES;
				BUNDLE_LOADER = "$(TEST_HOST)";
				CODE_SIGN_STYLE = Automatic;
				DEVELOPMENT_TEAM = PT3N4CM9HS;
				INFOPLIST_FILE = flixTests/Info.plist;
				IPHONEOS_DEPLOYMENT_TARGET = 14.2;
				LD_RUNPATH_SEARCH_PATHS = (
					"$(inherited)",
					"@executable_path/Frameworks",
					"@loader_path/Frameworks",
				);
				PRODUCT_BUNDLE_IDENTIFIER = tylerrhb11.flixTests;
				PRODUCT_NAME = "$(TARGET_NAME)";
				SWIFT_VERSION = 5.0;
				TARGETED_DEVICE_FAMILY = "1,2";
				TEST_HOST = "$(BUILT_PRODUCTS_DIR)/flix.app/flix";
			};
			name = Release;
		};
		B04C19D725D1F9D800979149 /* Debug */ = {
			isa = XCBuildConfiguration;
			baseConfigurationReference = 9A4DB4A64606F5C8E6515DC4 /* Pods-flix-flixUITests.debug.xcconfig */;
			buildSettings = {
				ALWAYS_EMBED_SWIFT_STANDARD_LIBRARIES = YES;
				CODE_SIGN_STYLE = Automatic;
				DEVELOPMENT_TEAM = PT3N4CM9HS;
				INFOPLIST_FILE = flixUITests/Info.plist;
				LD_RUNPATH_SEARCH_PATHS = (
					"$(inherited)",
					"@executable_path/Frameworks",
					"@loader_path/Frameworks",
				);
				PRODUCT_BUNDLE_IDENTIFIER = tylerrhb11.flixUITests;
				PRODUCT_NAME = "$(TARGET_NAME)";
				SWIFT_VERSION = 5.0;
				TARGETED_DEVICE_FAMILY = "1,2";
				TEST_TARGET_NAME = flix;
			};
			name = Debug;
		};
		B04C19D825D1F9D800979149 /* Release */ = {
			isa = XCBuildConfiguration;
			baseConfigurationReference = 0E5F3B0A3CB67EF0F590F8C1 /* Pods-flix-flixUITests.release.xcconfig */;
			buildSettings = {
				ALWAYS_EMBED_SWIFT_STANDARD_LIBRARIES = YES;
				CODE_SIGN_STYLE = Automatic;
				DEVELOPMENT_TEAM = PT3N4CM9HS;
				INFOPLIST_FILE = flixUITests/Info.plist;
				LD_RUNPATH_SEARCH_PATHS = (
					"$(inherited)",
					"@executable_path/Frameworks",
					"@loader_path/Frameworks",
				);
				PRODUCT_BUNDLE_IDENTIFIER = tylerrhb11.flixUITests;
				PRODUCT_NAME = "$(TARGET_NAME)";
				SWIFT_VERSION = 5.0;
				TARGETED_DEVICE_FAMILY = "1,2";
				TEST_TARGET_NAME = flix;
			};
			name = Release;
		};
/* End XCBuildConfiguration section */

/* Begin XCConfigurationList section */
		B04C19A125D1F9D300979149 /* Build configuration list for PBXProject "flix" */ = {
			isa = XCConfigurationList;
			buildConfigurations = (
				B04C19CE25D1F9D800979149 /* Debug */,
				B04C19CF25D1F9D800979149 /* Release */,
			);
			defaultConfigurationIsVisible = 0;
			defaultConfigurationName = Release;
		};
		B04C19D025D1F9D800979149 /* Build configuration list for PBXNativeTarget "flix" */ = {
			isa = XCConfigurationList;
			buildConfigurations = (
				B04C19D125D1F9D800979149 /* Debug */,
				B04C19D225D1F9D800979149 /* Release */,
			);
			defaultConfigurationIsVisible = 0;
			defaultConfigurationName = Release;
		};
		B04C19D325D1F9D800979149 /* Build configuration list for PBXNativeTarget "flixTests" */ = {
			isa = XCConfigurationList;
			buildConfigurations = (
				B04C19D425D1F9D800979149 /* Debug */,
				B04C19D525D1F9D800979149 /* Release */,
			);
			defaultConfigurationIsVisible = 0;
			defaultConfigurationName = Release;
		};
		B04C19D625D1F9D800979149 /* Build configuration list for PBXNativeTarget "flixUITests" */ = {
			isa = XCConfigurationList;
			buildConfigurations = (
				B04C19D725D1F9D800979149 /* Debug */,
				B04C19D825D1F9D800979149 /* Release */,
			);
			defaultConfigurationIsVisible = 0;
			defaultConfigurationName = Release;
		};
/* End XCConfigurationList section */
	};
	rootObject = B04C199E25D1F9D300979149 /* Project object */;
}
